
Microsoft Visual Studio Solution File, Format Version 12.00
# Visual Studio Version 16
VisualStudioVersion = 16.0.29709.97
MinimumVisualStudioVersion = 10.0.40219.1
Project("{FAE04EC0-301F-11D3-BF4B-00C04F79EFBC}") = "ConsoleApp6", "ConsoleApp6\ConsoleApp6.csproj", "{9434DDB0-C95B-41DB-A60F-E5608EFCAB64}"
EndProject
Global
	GlobalSection(SolutionConfigurationPlatforms) = preSolution
		Debug|Any CPU = Debug|Any CPU
		Release|Any CPU = Release|Any CPU
	EndGlobalSection
	GlobalSection(ProjectConfigurationPlatforms) = postSolution
		{9434DDB0-C95B-41DB-A60F-E5608EFCAB64}.Debug|Any CPU.ActiveCfg = Debug|Any CPU
		{9434DDB0-C95B-41DB-A60F-E5608EFCAB64}.Debug|Any CPU.Build.0 = Debug|Any CPU
		{9434DDB0-C95B-41DB-A60F-E5608EFCAB64}.Release|Any CPU.ActiveCfg = Release|Any CPU
		{9434DDB0-C95B-41DB-A60F-E5608EFCAB64}.Release|Any CPU.Build.0 = Release|Any CPU
	EndGlobalSection
	GlobalSection(SolutionProperties) = preSolution
		HideSolutionNode = FALSE
	EndGlobalSection
	GlobalSection(ExtensibilityGlobals) = postSolution
		SolutionGuid = {7753F700-06DB-4CE7-B9DA-CCD6E06BEE72}
	EndGlobalSection
EndGlobal
